
Microsoft Visual Studio Solution File, Format Version 12.00
# Visual Studio 15
Project("{FAE04EC0-301F-11D3-BF4B-00C04F79EFBC}") = "Unity.Timeline", "Unity.Timeline.csproj", "{0850C270-9A54-0F79-3158-9854B7B6799B}"
EndProject
Project("{FAE04EC0-301F-11D3-BF4B-00C04F79EFBC}") = "Unity.ShaderGraph.Editor", "Unity.ShaderGraph.Editor.csproj", "{4A47EB64-8875-6C3D-9170-5EA1BB34421F}"
EndProject
Project("{FAE04EC0-301F-11D3-BF4B-00C04F79EFBC}") = "Unity.PlasticSCM.Editor", "Unity.PlasticSCM.Editor.csproj", "{770E5AB6-7F5F-38DA-405D-F429D2CC0453}"
EndProject
Project("{FAE04EC0-301F-11D3-BF4B-00C04F79EFBC}") = "Unity.RenderPipelines.Core.Runtime", "Unity.RenderPipelines.Core.Runtime.csproj", "{D43BD4C4-9307-91F0-8543-98A70675CCD9}"
EndProject
Project("{FAE04EC0-301F-11D3-BF4B-00C04F79EFBC}") = "Unity.Mathematics", "Unity.Mathematics.csproj", "{23CD284C-0C5E-D4CF-B38D-E93A39EDC2C7}"
EndProject
Project("{FAE04EC0-301F-11D3-BF4B-00C04F79EFBC}") = "Unity.Timeline.Editor", "Unity.Timeline.Editor.csproj", "{564C7772-357B-A301-5B0B-65F734382A00}"
EndProject
Project("{FAE04EC0-301F-11D3-BF4B-00C04F79EFBC}") = "Unity.RenderPipelines.Core.Editor", "Unity.RenderPipelines.Core.Editor.csproj", "{C9BB6AD4-2217-9020-EE35-71DC4A10683A}"
EndProject
Project("{FAE04EC0-301F-11D3-BF4B-00C04F79EFBC}") = "UnityEngine.UI", "UnityEngine.UI.csproj", "{A07B79DA-73CB-9128-E537-8C1B1803F4CC}"
EndProject
Project("{FAE04EC0-301F-11D3-BF4B-00C04F79EFBC}") = "Unity.RenderPipelines.Universal.2D.Runtime", "Unity.RenderPipelines.Universal.2D.Runtime.csproj", "{835CD42C-23C8-BE5C-960A-B0502C90AAD1}"
EndProject
Project("{FAE04EC0-301F-11D3-BF4B-00C04F79EFBC}") = "AmplifyShaderEditor", "AmplifyShaderEditor.csproj", "{3376084A-53FE-6E90-4140-45F2AC5E755D}"
EndProject
Project("{FAE04EC0-301F-11D3-BF4B-00C04F79EFBC}") = "Unity.VisualScripting.Core.Editor", "Unity.VisualScripting.Core.Editor.csproj", "{6C0DF5F2-EFB6-7A28-B090-1047F77E15FD}"
EndProject
Project("{FAE04EC0-301F-11D3-BF4B-00C04F79EFBC}") = "Unity.RenderPipelines.Universal.Editor", "Unity.RenderPipelines.Universal.Editor.csproj", "{3D1116EA-D39C-0B7E-49BC-8770B42BA2BB}"
EndProject
Project("{FAE04EC0-301F-11D3-BF4B-00C04F79EFBC}") = "UnityEngine.TestRunner", "UnityEngine.TestRunner.csproj", "{D860A54B-DB3C-0B5D-FAE1-CD7496EAA64B}"
EndProject
Project("{FAE04EC0-301F-11D3-BF4B-00C04F79EFBC}") = "Unity.Burst", "Unity.Burst.csproj", "{8C8F6E07-B2B7-ED4B-27CE-12791A670C91}"
EndProject
Project("{FAE04EC0-301F-11D3-BF4B-00C04F79EFBC}") = "Unity.VisualScripting.Flow.Editor", "Unity.VisualScripting.Flow.Editor.csproj", "{81637D55-49E8-8B7B-1864-CA9F7506B7A5}"
EndProject
Project("{FAE04EC0-301F-11D3-BF4B-00C04F79EFBC}") = "Unity.VisualStudio.Editor", "Unity.VisualStudio.Editor.csproj", "{1320BF01-F35D-BAAF-765B-F384F06B3B15}"
EndProject
Project("{FAE04EC0-301F-11D3-BF4B-00C04F79EFBC}") = "PPv2URPConverters", "PPv2URPConverters.csproj", "{E7C1BFEE-380D-1C15-8A0F-6D4FA46BA6E7}"
EndProject
Project("{FAE04EC0-301F-11D3-BF4B-00C04F79EFBC}") = "Unity.Searcher.Editor", "Unity.Searcher.Editor.csproj", "{9737656E-7916-0C34-2117-3EFEF81762C8}"
EndProject
Project("{FAE04EC0-301F-11D3-BF4B-00C04F79EFBC}") = "Unity.VisualScripting.Core", "Unity.VisualScripting.Core.csproj", "{896FE47D-40C1-83CE-4DA7-655008825450}"
EndProject
Project("{FAE04EC0-301F-11D3-BF4B-00C04F79EFBC}") = "Unity.RenderPipelines.Universal.Runtime", "Unity.RenderPipelines.Universal.Runtime.csproj", "{B799A46F-BF50-D4B1-54B9-E5BB65867503}"
EndProject
Project("{FAE04EC0-301F-11D3-BF4B-00C04F79EFBC}") = "Unity.Collections", "Unity.Collections.csproj", "{D85D5027-2A7E-ACBB-DB2D-880F90A1FE23}"
EndProject
Project("{FAE04EC0-301F-11D3-BF4B-00C04F79EFBC}") = "Assembly-CSharp", "Assembly-CSharp.csproj", "{D3D0D7B7-6EE0-64F7-24CB-D1635A073431}"
EndProject
Project("{FAE04EC0-301F-11D3-BF4B-00C04F79EFBC}") = "UnityEditor.TestRunner", "UnityEditor.TestRunner.csproj", "{F5775D4A-FCF4-18FD-A263-3486487233AA}"
EndProject
Project("{FAE04EC0-301F-11D3-BF4B-00C04F79EFBC}") = "Unity.VisualScripting.State.Editor", "Unity.VisualScripting.State.Editor.csproj", "{793B39EE-1FDC-59E8-9048-C9873D4A4B6E}"
EndProject
Project("{FAE04EC0-301F-11D3-BF4B-00C04F79EFBC}") = "Unity.TestTools.CodeCoverage.Editor", "Unity.TestTools.CodeCoverage.Editor.csproj", "{60110B79-73CC-85D1-EC4F-890BE0B60524}"
EndProject
Project("{FAE04EC0-301F-11D3-BF4B-00C04F79EFBC}") = "Unity.Burst.CodeGen", "Unity.Burst.CodeGen.csproj", "{97CC02C7-2A52-AD92-9372-8FBE19AFE697}"
EndProject
Project("{FAE04EC0-301F-11D3-BF4B-00C04F79EFBC}") = "Unity.VisualScripting.Flow", "Unity.VisualScripting.Flow.csproj", "{219DC0AF-6A35-5FED-4919-7E8C9F5F126B}"
EndProject
Project("{FAE04EC0-301F-11D3-BF4B-00C04F79EFBC}") = "Unity.Rendering.LightTransport.Runtime", "Unity.Rendering.LightTransport.Runtime.csproj", "{9107337C-54AF-A442-9D33-07057552CE4E}"
EndProject
Project("{FAE04EC0-301F-11D3-BF4B-00C04F79EFBC}") = "Unity.TestTools.CodeCoverage.Editor.OpenCover.Model", "Unity.TestTools.CodeCoverage.Editor.OpenCover.Model.csproj", "{E8DA1354-CDF7-9D97-32ED-700D773656E0}"
EndProject
Project("{FAE04EC0-301F-11D3-BF4B-00C04F79EFBC}") = "Unity.TextMeshPro", "Unity.TextMeshPro.csproj", "{11194CF2-81EA-AE27-3D23-1DC16F16480A}"
EndProject
Project("{FAE04EC0-301F-11D3-BF4B-00C04F79EFBC}") = "Unity.TextMeshPro.Editor", "Unity.TextMeshPro.Editor.csproj", "{89E4264E-9570-0AC2-4620-05AF7B2749A8}"
EndProject
Project("{FAE04EC0-301F-11D3-BF4B-00C04F79EFBC}") = "Unity.Burst.Editor", "Unity.Burst.Editor.csproj", "{AE8685E7-9085-5D6F-0F5A-08BD09CACBDF}"
EndProject
Project("{FAE04EC0-301F-11D3-BF4B-00C04F79EFBC}") = "Unity.TestTools.CodeCoverage.Editor.OpenCover.Mono.Reflection", "Unity.TestTools.CodeCoverage.Editor.OpenCover.Mono.Reflection.csproj", "{E074A257-309B-BC4A-3CAE-357A7C4E667A}"
EndProject
Project("{FAE04EC0-301F-11D3-BF4B-00C04F79EFBC}") = "Unity.Rider.Editor", "Unity.Rider.Editor.csproj", "{18A41356-4735-72FE-0F8A-2193647E06CC}"
EndProject
Project("{FAE04EC0-301F-11D3-BF4B-00C04F79EFBC}") = "Unity.VisualScripting.State", "Unity.VisualScripting.State.csproj", "{4AD60659-F9BC-5C19-01C0-B55B1DF2A918}"
EndProject
Project("{FAE04EC0-301F-11D3-BF4B-00C04F79EFBC}") = "Unity.Performance.Profile-Analyzer.Editor", "Unity.Performance.Profile-Analyzer.Editor.csproj", "{A14867E8-4E33-651A-5DBE-32DEFFECCF74}"
EndProject
Project("{FAE04EC0-301F-11D3-BF4B-00C04F79EFBC}") = "UnityEditor.UI", "UnityEditor.UI.csproj", "{D7DE1C6B-79D2-AD3E-73F1-DFB39271EA55}"
EndProject
Project("{FAE04EC0-301F-11D3-BF4B-00C04F79EFBC}") = "com.danielbui78.udtu", "com.danielbui78.udtu.csproj", "{03B6F35E-AEDC-4D0C-7535-54D5C2BBE114}"
EndProject
Project("{FAE04EC0-301F-11D3-BF4B-00C04F79EFBC}") = "Assembly-CSharp-Editor", "Assembly-CSharp-Editor.csproj", "{459EB67A-48CC-1264-FBD3-B62D50C19974}"
EndProject
Project("{FAE04EC0-301F-11D3-BF4B-00C04F79EFBC}") = "Unity.Collections.CodeGen", "Unity.Collections.CodeGen.csproj", "{B1F27E70-99D6-8382-AD59-DFD28C9D65B1}"
EndProject
Project("{FAE04EC0-301F-11D3-BF4B-00C04F79EFBC}") = "Unity.Mathematics.Editor", "Unity.Mathematics.Editor.csproj", "{950F994B-D4C5-7B1A-38FF-31DF77F4C855}"
EndProject
Project("{FAE04EC0-301F-11D3-BF4B-00C04F79EFBC}") = "Unity.VisualScripting.SettingsProvider.Editor", "Unity.VisualScripting.SettingsProvider.Editor.csproj", "{934B3D6E-F401-AD8C-8DA8-F642A156E64A}"
EndProject
Project("{FAE04EC0-301F-11D3-BF4B-00C04F79EFBC}") = "Unity.Settings.Editor", "Unity.Settings.Editor.csproj", "{65F9C002-ABF1-C51E-2296-009F0828F8D6}"
EndProject
Project("{FAE04EC0-301F-11D3-BF4B-00C04F79EFBC}") = "Unity.ShaderGraph.Utilities", "Unity.ShaderGraph.Utilities.csproj", "{12940A66-A18B-01B1-9661-15B0CB697409}"
EndProject
Project("{FAE04EC0-301F-11D3-BF4B-00C04F79EFBC}") = "Unity.VisualScripting.Shared.Editor", "Unity.VisualScripting.Shared.Editor.csproj", "{D038785D-4DAC-B025-9B9C-4E890567854B}"
EndProject
Project("{FAE04EC0-301F-11D3-BF4B-00C04F79EFBC}") = "com.danielbui78.udtu.Editor", "com.danielbui78.udtu.Editor.csproj", "{E1D8F705-DE92-1024-1422-7C8A9F251E7C}"
EndProject
Project("{FAE04EC0-301F-11D3-BF4B-00C04F79EFBC}") = "Unity.EditorCoroutines.Editor", "Unity.EditorCoroutines.Editor.csproj", "{ED468B95-1B10-9EA6-05E5-579B50A36CE9}"
EndProject
Project("{FAE04EC0-301F-11D3-BF4B-00C04F79EFBC}") = "Unity.Collections.DocCodeSamples", "Unity.Collections.DocCodeSamples.csproj", "{5EC1B795-29FB-6CAB-6FD2-1004D7AF81E8}"
EndProject
Project("{FAE04EC0-301F-11D3-BF4B-00C04F79EFBC}") = "Unity.RenderPipeline.Universal.ShaderLibrary", "Unity.RenderPipeline.Universal.ShaderLibrary.csproj", "{75757B10-0E80-E2CE-00A7-5B9027E3272A}"
EndProject
Project("{FAE04EC0-301F-11D3-BF4B-00C04F79EFBC}") = "Unity.CollabProxy.Editor", "Unity.CollabProxy.Editor.csproj", "{F18FEAC9-0725-2A6E-EE56-364F80F420EC}"
EndProject
Project("{FAE04EC0-301F-11D3-BF4B-00C04F79EFBC}") = "Unity.RenderPipelines.Universal.Shaders", "Unity.RenderPipelines.Universal.Shaders.csproj", "{B7CE70D8-23BA-1CBE-5B3F-0B0BAFFCF53A}"
EndProject
Project("{FAE04EC0-301F-11D3-BF4B-00C04F79EFBC}") = "Unity.RenderPipelines.Core.Runtime.Shared", "Unity.RenderPipelines.Core.Runtime.Shared.csproj", "{13B3C84F-21DC-4AC2-ADB8-2A4C124F1D38}"
EndProject
Project("{FAE04EC0-301F-11D3-BF4B-00C04F79EFBC}") = "SimpleJSON", "SimpleJSON.csproj", "{E1E8E681-1E05-1305-6BA2-66FFA7DFC564}"
EndProject
Project("{FAE04EC0-301F-11D3-BF4B-00C04F79EFBC}") = "Unity.Rendering.LightTransport.Editor", "Unity.Rendering.LightTransport.Editor.csproj", "{2BFADA7B-959F-A444-E1E4-02AF171CC7DA}"
EndProject
Project("{FAE04EC0-301F-11D3-BF4B-00C04F79EFBC}") = "Unity.Collections.Editor", "Unity.Collections.Editor.csproj", "{305CA048-C0FA-F485-A158-E8C0912849E0}"
EndProject
Project("{FAE04EC0-301F-11D3-BF4B-00C04F79EFBC}") = "Unity.Collections.BurstCompatibilityGen", "Unity.Collections.BurstCompatibilityGen.csproj", "{0DD14C89-489E-A0ED-1C80-19993B86565E}"
EndProject
Project("{FAE04EC0-301F-11D3-BF4B-00C04F79EFBC}") = "Unity.RenderPipelines.ShaderGraph.ShaderGraphLibrary", "Unity.RenderPipelines.ShaderGraph.ShaderGraphLibrary.csproj", "{5B4CF957-C371-51A3-81CC-9BCBFE7324B2}"
EndProject
Project("{FAE04EC0-301F-11D3-BF4B-00C04F79EFBC}") = "Unity.RenderPipelines.Core.ShaderLibrary", "Unity.RenderPipelines.Core.ShaderLibrary.csproj", "{B01B18F5-103B-3073-A2BB-45F1F0D8BD75}"
EndProject
Project("{FAE04EC0-301F-11D3-BF4B-00C04F79EFBC}") = "Unity.RenderPipelines.Core.Editor.Shared", "Unity.RenderPipelines.Core.Editor.Shared.csproj", "{F14AE7FA-C6A2-3024-B56C-8B49BF0CFAED}"
EndProject
Global
	GlobalSection(SolutionConfigurationPlatforms) = preSolution
		Debug|Any CPU = Debug|Any CPU
		Release|Any CPU = Release|Any CPU
	EndGlobalSection
	GlobalSection(ProjectConfigurationPlatforms) = postSolution
		{0850C270-9A54-0F79-3158-9854B7B6799B}.Debug|Any CPU.ActiveCfg = Debug|Any CPU
		{0850C270-9A54-0F79-3158-9854B7B6799B}.Debug|Any CPU.Build.0 = Debug|Any CPU
		{0850C270-9A54-0F79-3158-9854B7B6799B}.Release|Any CPU.ActiveCfg = Release|Any CPU
		{0850C270-9A54-0F79-3158-9854B7B6799B}.Release|Any CPU.Build.0 = Release|Any CPU
		{4A47EB64-8875-6C3D-9170-5EA1BB34421F}.Debug|Any CPU.ActiveCfg = Debug|Any CPU
		{4A47EB64-8875-6C3D-9170-5EA1BB34421F}.Debug|Any CPU.Build.0 = Debug|Any CPU
		{4A47EB64-8875-6C3D-9170-5EA1BB34421F}.Release|Any CPU.ActiveCfg = Release|Any CPU
		{4A47EB64-8875-6C3D-9170-5EA1BB34421F}.Release|Any CPU.Build.0 = Release|Any CPU
		{770E5AB6-7F5F-38DA-405D-F429D2CC0453}.Debug|Any CPU.ActiveCfg = Debug|Any CPU
		{770E5AB6-7F5F-38DA-405D-F429D2CC0453}.Debug|Any CPU.Build.0 = Debug|Any CPU
		{770E5AB6-7F5F-38DA-405D-F429D2CC0453}.Release|Any CPU.ActiveCfg = Release|Any CPU
		{770E5AB6-7F5F-38DA-405D-F429D2CC0453}.Release|Any CPU.Build.0 = Release|Any CPU
		{D43BD4C4-9307-91F0-8543-98A70675CCD9}.Debug|Any CPU.ActiveCfg = Debug|Any CPU
		{D43BD4C4-9307-91F0-8543-98A70675CCD9}.Debug|Any CPU.Build.0 = Debug|Any CPU
		{D43BD4C4-9307-91F0-8543-98A70675CCD9}.Release|Any CPU.ActiveCfg = Release|Any CPU
		{D43BD4C4-9307-91F0-8543-98A70675CCD9}.Release|Any CPU.Build.0 = Release|Any CPU
		{23CD284C-0C5E-D4CF-B38D-E93A39EDC2C7}.Debug|Any CPU.ActiveCfg = Debug|Any CPU
		{23CD284C-0C5E-D4CF-B38D-E93A39EDC2C7}.Debug|Any CPU.Build.0 = Debug|Any CPU
		{23CD284C-0C5E-D4CF-B38D-E93A39EDC2C7}.Release|Any CPU.ActiveCfg = Release|Any CPU
		{23CD284C-0C5E-D4CF-B38D-E93A39EDC2C7}.Release|Any CPU.Build.0 = Release|Any CPU
		{564C7772-357B-A301-5B0B-65F734382A00}.Debug|Any CPU.ActiveCfg = Debug|Any CPU
		{564C7772-357B-A301-5B0B-65F734382A00}.Debug|Any CPU.Build.0 = Debug|Any CPU
		{564C7772-357B-A301-5B0B-65F734382A00}.Release|Any CPU.ActiveCfg = Release|Any CPU
		{564C7772-357B-A301-5B0B-65F734382A00}.Release|Any CPU.Build.0 = Release|Any CPU
		{C9BB6AD4-2217-9020-EE35-71DC4A10683A}.Debug|Any CPU.ActiveCfg = Debug|Any CPU
		{C9BB6AD4-2217-9020-EE35-71DC4A10683A}.Debug|Any CPU.Build.0 = Debug|Any CPU
		{C9BB6AD4-2217-9020-EE35-71DC4A10683A}.Release|Any CPU.ActiveCfg = Release|Any CPU
		{C9BB6AD4-2217-9020-EE35-71DC4A10683A}.Release|Any CPU.Build.0 = Release|Any CPU
		{A07B79DA-73CB-9128-E537-8C1B1803F4CC}.Debug|Any CPU.ActiveCfg = Debug|Any CPU
		{A07B79DA-73CB-9128-E537-8C1B1803F4CC}.Debug|Any CPU.Build.0 = Debug|Any CPU
		{A07B79DA-73CB-9128-E537-8C1B1803F4CC}.Release|Any CPU.ActiveCfg = Release|Any CPU
		{A07B79DA-73CB-9128-E537-8C1B1803F4CC}.Release|Any CPU.Build.0 = Release|Any CPU
		{835CD42C-23C8-BE5C-960A-B0502C90AAD1}.Debug|Any CPU.ActiveCfg = Debug|Any CPU
		{835CD42C-23C8-BE5C-960A-B0502C90AAD1}.Debug|Any CPU.Build.0 = Debug|Any CPU
		{835CD42C-23C8-BE5C-960A-B0502C90AAD1}.Release|Any CPU.ActiveCfg = Release|Any CPU
		{835CD42C-23C8-BE5C-960A-B0502C90AAD1}.Release|Any CPU.Build.0 = Release|Any CPU
		{3376084A-53FE-6E90-4140-45F2AC5E755D}.Debug|Any CPU.ActiveCfg = Debug|Any CPU
		{3376084A-53FE-6E90-4140-45F2AC5E755D}.Debug|Any CPU.Build.0 = Debug|Any CPU
		{3376084A-53FE-6E90-4140-45F2AC5E755D}.Release|Any CPU.ActiveCfg = Release|Any CPU
		{3376084A-53FE-6E90-4140-45F2AC5E755D}.Release|Any CPU.Build.0 = Release|Any CPU
		{6C0DF5F2-EFB6-7A28-B090-1047F77E15FD}.Debug|Any CPU.ActiveCfg = Debug|Any CPU
		{6C0DF5F2-EFB6-7A28-B090-1047F77E15FD}.Debug|Any CPU.Build.0 = Debug|Any CPU
		{6C0DF5F2-EFB6-7A28-B090-1047F77E15FD}.Release|Any CPU.ActiveCfg = Release|Any CPU
		{6C0DF5F2-EFB6-7A28-B090-1047F77E15FD}.Release|Any CPU.Build.0 = Release|Any CPU
		{3D1116EA-D39C-0B7E-49BC-8770B42BA2BB}.Debug|Any CPU.ActiveCfg = Debug|Any CPU
		{3D1116EA-D39C-0B7E-49BC-8770B42BA2BB}.Debug|Any CPU.Build.0 = Debug|Any CPU
		{3D1116EA-D39C-0B7E-49BC-8770B42BA2BB}.Release|Any CPU.ActiveCfg = Release|Any CPU
		{3D1116EA-D39C-0B7E-49BC-8770B42BA2BB}.Release|Any CPU.Build.0 = Release|Any CPU
		{D860A54B-DB3C-0B5D-FAE1-CD7496EAA64B}.Debug|Any CPU.ActiveCfg = Debug|Any CPU
		{D860A54B-DB3C-0B5D-FAE1-CD7496EAA64B}.Debug|Any CPU.Build.0 = Debug|Any CPU
		{D860A54B-DB3C-0B5D-FAE1-CD7496EAA64B}.Release|Any CPU.ActiveCfg = Release|Any CPU
		{D860A54B-DB3C-0B5D-FAE1-CD7496EAA64B}.Release|Any CPU.Build.0 = Release|Any CPU
		{8C8F6E07-B2B7-ED4B-27CE-12791A670C91}.Debug|Any CPU.ActiveCfg = Debug|Any CPU
		{8C8F6E07-B2B7-ED4B-27CE-12791A670C91}.Debug|Any CPU.Build.0 = Debug|Any CPU
		{8C8F6E07-B2B7-ED4B-27CE-12791A670C91}.Release|Any CPU.ActiveCfg = Release|Any CPU
		{8C8F6E07-B2B7-ED4B-27CE-12791A670C91}.Release|Any CPU.Build.0 = Release|Any CPU
		{81637D55-49E8-8B7B-1864-CA9F7506B7A5}.Debug|Any CPU.ActiveCfg = Debug|Any CPU
		{81637D55-49E8-8B7B-1864-CA9F7506B7A5}.Debug|Any CPU.Build.0 = Debug|Any CPU
		{81637D55-49E8-8B7B-1864-CA9F7506B7A5}.Release|Any CPU.ActiveCfg = Release|Any CPU
		{81637D55-49E8-8B7B-1864-CA9F7506B7A5}.Release|Any CPU.Build.0 = Release|Any CPU
		{1320BF01-F35D-BAAF-765B-F384F06B3B15}.Debug|Any CPU.ActiveCfg = Debug|Any CPU
		{1320BF01-F35D-BAAF-765B-F384F06B3B15}.Debug|Any CPU.Build.0 = Debug|Any CPU
		{1320BF01-F35D-BAAF-765B-F384F06B3B15}.Release|Any CPU.ActiveCfg = Release|Any CPU
		{1320BF01-F35D-BAAF-765B-F384F06B3B15}.Release|Any CPU.Build.0 = Release|Any CPU
		{E7C1BFEE-380D-1C15-8A0F-6D4FA46BA6E7}.Debug|Any CPU.ActiveCfg = Debug|Any CPU
		{E7C1BFEE-380D-1C15-8A0F-6D4FA46BA6E7}.Debug|Any CPU.Build.0 = Debug|Any CPU
		{E7C1BFEE-380D-1C15-8A0F-6D4FA46BA6E7}.Release|Any CPU.ActiveCfg = Release|Any CPU
		{E7C1BFEE-380D-1C15-8A0F-6D4FA46BA6E7}.Release|Any CPU.Build.0 = Release|Any CPU
		{9737656E-7916-0C34-2117-3EFEF81762C8}.Debug|Any CPU.ActiveCfg = Debug|Any CPU
		{9737656E-7916-0C34-2117-3EFEF81762C8}.Debug|Any CPU.Build.0 = Debug|Any CPU
		{9737656E-7916-0C34-2117-3EFEF81762C8}.Release|Any CPU.ActiveCfg = Release|Any CPU
		{9737656E-7916-0C34-2117-3EFEF81762C8}.Release|Any CPU.Build.0 = Release|Any CPU
		{896FE47D-40C1-83CE-4DA7-655008825450}.Debug|Any CPU.ActiveCfg = Debug|Any CPU
		{896FE47D-40C1-83CE-4DA7-655008825450}.Debug|Any CPU.Build.0 = Debug|Any CPU
		{896FE47D-40C1-83CE-4DA7-655008825450}.Release|Any CPU.ActiveCfg = Release|Any CPU
		{896FE47D-40C1-83CE-4DA7-655008825450}.Release|Any CPU.Build.0 = Release|Any CPU
		{B799A46F-BF50-D4B1-54B9-E5BB65867503}.Debug|Any CPU.ActiveCfg = Debug|Any CPU
		{B799A46F-BF50-D4B1-54B9-E5BB65867503}.Debug|Any CPU.Build.0 = Debug|Any CPU
		{B799A46F-BF50-D4B1-54B9-E5BB65867503}.Release|Any CPU.ActiveCfg = Release|Any CPU
		{B799A46F-BF50-D4B1-54B9-E5BB65867503}.Release|Any CPU.Build.0 = Release|Any CPU
		{D85D5027-2A7E-ACBB-DB2D-880F90A1FE23}.Debug|Any CPU.ActiveCfg = Debug|Any CPU
		{D85D5027-2A7E-ACBB-DB2D-880F90A1FE23}.Debug|Any CPU.Build.0 = Debug|Any CPU
		{D85D5027-2A7E-ACBB-DB2D-880F90A1FE23}.Release|Any CPU.ActiveCfg = Release|Any CPU
		{D85D5027-2A7E-ACBB-DB2D-880F90A1FE23}.Release|Any CPU.Build.0 = Release|Any CPU
		{D3D0D7B7-6EE0-64F7-24CB-D1635A073431}.Debug|Any CPU.ActiveCfg = Debug|Any CPU
		{D3D0D7B7-6EE0-64F7-24CB-D1635A073431}.Debug|Any CPU.Build.0 = Debug|Any CPU
		{D3D0D7B7-6EE0-64F7-24CB-D1635A073431}.Release|Any CPU.ActiveCfg = Release|Any CPU
		{D3D0D7B7-6EE0-64F7-24CB-D1635A073431}.Release|Any CPU.Build.0 = Release|Any CPU
		{F5775D4A-FCF4-18FD-A263-3486487233AA}.Debug|Any CPU.ActiveCfg = Debug|Any CPU
		{F5775D4A-FCF4-18FD-A263-3486487233AA}.Debug|Any CPU.Build.0 = Debug|Any CPU
		{F5775D4A-FCF4-18FD-A263-3486487233AA}.Release|Any CPU.ActiveCfg = Release|Any CPU
		{F5775D4A-FCF4-18FD-A263-3486487233AA}.Release|Any CPU.Build.0 = Release|Any CPU
		{793B39EE-1FDC-59E8-9048-C9873D4A4B6E}.Debug|Any CPU.ActiveCfg = Debug|Any CPU
		{793B39EE-1FDC-59E8-9048-C9873D4A4B6E}.Debug|Any CPU.Build.0 = Debug|Any CPU
		{793B39EE-1FDC-59E8-9048-C9873D4A4B6E}.Release|Any CPU.ActiveCfg = Release|Any CPU
		{793B39EE-1FDC-59E8-9048-C9873D4A4B6E}.Release|Any CPU.Build.0 = Release|Any CPU
		{60110B79-73CC-85D1-EC4F-890BE0B60524}.Debug|Any CPU.ActiveCfg = Debug|Any CPU
		{60110B79-73CC-85D1-EC4F-890BE0B60524}.Debug|Any CPU.Build.0 = Debug|Any CPU
		{60110B79-73CC-85D1-EC4F-890BE0B60524}.Release|Any CPU.ActiveCfg = Release|Any CPU
		{60110B79-73CC-85D1-EC4F-890BE0B60524}.Release|Any CPU.Build.0 = Release|Any CPU
		{97CC02C7-2A52-AD92-9372-8FBE19AFE697}.Debug|Any CPU.ActiveCfg = Debug|Any CPU
		{97CC02C7-2A52-AD92-9372-8FBE19AFE697}.Debug|Any CPU.Build.0 = Debug|Any CPU
		{97CC02C7-2A52-AD92-9372-8FBE19AFE697}.Release|Any CPU.ActiveCfg = Release|Any CPU
		{97CC02C7-2A52-AD92-9372-8FBE19AFE697}.Release|Any CPU.Build.0 = Release|Any CPU
		{219DC0AF-6A35-5FED-4919-7E8C9F5F126B}.Debug|Any CPU.ActiveCfg = Debug|Any CPU
		{219DC0AF-6A35-5FED-4919-7E8C9F5F126B}.Debug|Any CPU.Build.0 = Debug|Any CPU
		{219DC0AF-6A35-5FED-4919-7E8C9F5F126B}.Release|Any CPU.ActiveCfg = Release|Any CPU
		{219DC0AF-6A35-5FED-4919-7E8C9F5F126B}.Release|Any CPU.Build.0 = Release|Any CPU
		{9107337C-54AF-A442-9D33-07057552CE4E}.Debug|Any CPU.ActiveCfg = Debug|Any CPU
		{9107337C-54AF-A442-9D33-07057552CE4E}.Debug|Any CPU.Build.0 = Debug|Any CPU
		{9107337C-54AF-A442-9D33-07057552CE4E}.Release|Any CPU.ActiveCfg = Release|Any CPU
		{9107337C-54AF-A442-9D33-07057552CE4E}.Release|Any CPU.Build.0 = Release|Any CPU
		{E8DA1354-CDF7-9D97-32ED-700D773656E0}.Debug|Any CPU.ActiveCfg = Debug|Any CPU
		{E8DA1354-CDF7-9D97-32ED-700D773656E0}.Debug|Any CPU.Build.0 = Debug|Any CPU
		{E8DA1354-CDF7-9D97-32ED-700D773656E0}.Release|Any CPU.ActiveCfg = Release|Any CPU
		{E8DA1354-CDF7-9D97-32ED-700D773656E0}.Release|Any CPU.Build.0 = Release|Any CPU
		{11194CF2-81EA-AE27-3D23-1DC16F16480A}.Debug|Any CPU.ActiveCfg = Debug|Any CPU
		{11194CF2-81EA-AE27-3D23-1DC16F16480A}.Debug|Any CPU.Build.0 = Debug|Any CPU
		{11194CF2-81EA-AE27-3D23-1DC16F16480A}.Release|Any CPU.ActiveCfg = Release|Any CPU
		{11194CF2-81EA-AE27-3D23-1DC16F16480A}.Release|Any CPU.Build.0 = Release|Any CPU
		{89E4264E-9570-0AC2-4620-05AF7B2749A8}.Debug|Any CPU.ActiveCfg = Debug|Any CPU
		{89E4264E-9570-0AC2-4620-05AF7B2749A8}.Debug|Any CPU.Build.0 = Debug|Any CPU
		{89E4264E-9570-0AC2-4620-05AF7B2749A8}.Release|Any CPU.ActiveCfg = Release|Any CPU
		{89E4264E-9570-0AC2-4620-05AF7B2749A8}.Release|Any CPU.Build.0 = Release|Any CPU
		{AE8685E7-9085-5D6F-0F5A-08BD09CACBDF}.Debug|Any CPU.ActiveCfg = Debug|Any CPU
		{AE8685E7-9085-5D6F-0F5A-08BD09CACBDF}.Debug|Any CPU.Build.0 = Debug|Any CPU
		{AE8685E7-9085-5D6F-0F5A-08BD09CACBDF}.Release|Any CPU.ActiveCfg = Release|Any CPU
		{AE8685E7-9085-5D6F-0F5A-08BD09CACBDF}.Release|Any CPU.Build.0 = Release|Any CPU
		{E074A257-309B-BC4A-3CAE-357A7C4E667A}.Debug|Any CPU.ActiveCfg = Debug|Any CPU
		{E074A257-309B-BC4A-3CAE-357A7C4E667A}.Debug|Any CPU.Build.0 = Debug|Any CPU
		{E074A257-309B-BC4A-3CAE-357A7C4E667A}.Release|Any CPU.ActiveCfg = Release|Any CPU
		{E074A257-309B-BC4A-3CAE-357A7C4E667A}.Release|Any CPU.Build.0 = Release|Any CPU
		{18A41356-4735-72FE-0F8A-2193647E06CC}.Debug|Any CPU.ActiveCfg = Debug|Any CPU
		{18A41356-4735-72FE-0F8A-2193647E06CC}.Debug|Any CPU.Build.0 = Debug|Any CPU
		{18A41356-4735-72FE-0F8A-2193647E06CC}.Release|Any CPU.ActiveCfg = Release|Any CPU
		{18A41356-4735-72FE-0F8A-2193647E06CC}.Release|Any CPU.Build.0 = Release|Any CPU
		{4AD60659-F9BC-5C19-01C0-B55B1DF2A918}.Debug|Any CPU.ActiveCfg = Debug|Any CPU
		{4AD60659-F9BC-5C19-01C0-B55B1DF2A918}.Debug|Any CPU.Build.0 = Debug|Any CPU
		{4AD60659-F9BC-5C19-01C0-B55B1DF2A918}.Release|Any CPU.ActiveCfg = Release|Any CPU
		{4AD60659-F9BC-5C19-01C0-B55B1DF2A918}.Release|Any CPU.Build.0 = Release|Any CPU
		{A14867E8-4E33-651A-5DBE-32DEFFECCF74}.Debug|Any CPU.ActiveCfg = Debug|Any CPU
		{A14867E8-4E33-651A-5DBE-32DEFFECCF74}.Debug|Any CPU.Build.0 = Debug|Any CPU
		{A14867E8-4E33-651A-5DBE-32DEFFECCF74}.Release|Any CPU.ActiveCfg = Release|Any CPU
		{A14867E8-4E33-651A-5DBE-32DEFFECCF74}.Release|Any CPU.Build.0 = Release|Any CPU
		{D7DE1C6B-79D2-AD3E-73F1-DFB39271EA55}.Debug|Any CPU.ActiveCfg = Debug|Any CPU
		{D7DE1C6B-79D2-AD3E-73F1-DFB39271EA55}.Debug|Any CPU.Build.0 = Debug|Any CPU
		{D7DE1C6B-79D2-AD3E-73F1-DFB39271EA55}.Release|Any CPU.ActiveCfg = Release|Any CPU
		{D7DE1C6B-79D2-AD3E-73F1-DFB39271EA55}.Release|Any CPU.Build.0 = Release|Any CPU
		{03B6F35E-AEDC-4D0C-7535-54D5C2BBE114}.Debug|Any CPU.ActiveCfg = Debug|Any CPU
		{03B6F35E-AEDC-4D0C-7535-54D5C2BBE114}.Debug|Any CPU.Build.0 = Debug|Any CPU
		{03B6F35E-AEDC-4D0C-7535-54D5C2BBE114}.Release|Any CPU.ActiveCfg = Release|Any CPU
		{03B6F35E-AEDC-4D0C-7535-54D5C2BBE114}.Release|Any CPU.Build.0 = Release|Any CPU
		{459EB67A-48CC-1264-FBD3-B62D50C19974}.Debug|Any CPU.ActiveCfg = Debug|Any CPU
		{459EB67A-48CC-1264-FBD3-B62D50C19974}.Debug|Any CPU.Build.0 = Debug|Any CPU
		{459EB67A-48CC-1264-FBD3-B62D50C19974}.Release|Any CPU.ActiveCfg = Release|Any CPU
		{459EB67A-48CC-1264-FBD3-B62D50C19974}.Release|Any CPU.Build.0 = Release|Any CPU
		{B1F27E70-99D6-8382-AD59-DFD28C9D65B1}.Debug|Any CPU.ActiveCfg = Debug|Any CPU
		{B1F27E70-99D6-8382-AD59-DFD28C9D65B1}.Debug|Any CPU.Build.0 = Debug|Any CPU
		{B1F27E70-99D6-8382-AD59-DFD28C9D65B1}.Release|Any CPU.ActiveCfg = Release|Any CPU
		{B1F27E70-99D6-8382-AD59-DFD28C9D65B1}.Release|Any CPU.Build.0 = Release|Any CPU
		{950F994B-D4C5-7B1A-38FF-31DF77F4C855}.Debug|Any CPU.ActiveCfg = Debug|Any CPU
		{950F994B-D4C5-7B1A-38FF-31DF77F4C855}.Debug|Any CPU.Build.0 = Debug|Any CPU
		{950F994B-D4C5-7B1A-38FF-31DF77F4C855}.Release|Any CPU.ActiveCfg = Release|Any CPU
		{950F994B-D4C5-7B1A-38FF-31DF77F4C855}.Release|Any CPU.Build.0 = Release|Any CPU
		{934B3D6E-F401-AD8C-8DA8-F642A156E64A}.Debug|Any CPU.ActiveCfg = Debug|Any CPU
		{934B3D6E-F401-AD8C-8DA8-F642A156E64A}.Debug|Any CPU.Build.0 = Debug|Any CPU
		{934B3D6E-F401-AD8C-8DA8-F642A156E64A}.Release|Any CPU.ActiveCfg = Release|Any CPU
		{934B3D6E-F401-AD8C-8DA8-F642A156E64A}.Release|Any CPU.Build.0 = Release|Any CPU
		{65F9C002-ABF1-C51E-2296-009F0828F8D6}.Debug|Any CPU.ActiveCfg = Debug|Any CPU
		{65F9C002-ABF1-C51E-2296-009F0828F8D6}.Debug|Any CPU.Build.0 = Debug|Any CPU
		{65F9C002-ABF1-C51E-2296-009F0828F8D6}.Release|Any CPU.ActiveCfg = Release|Any CPU
		{65F9C002-ABF1-C51E-2296-009F0828F8D6}.Release|Any CPU.Build.0 = Release|Any CPU
		{12940A66-A18B-01B1-9661-15B0CB697409}.Debug|Any CPU.ActiveCfg = Debug|Any CPU
		{12940A66-A18B-01B1-9661-15B0CB697409}.Debug|Any CPU.Build.0 = Debug|Any CPU
		{12940A66-A18B-01B1-9661-15B0CB697409}.Release|Any CPU.ActiveCfg = Release|Any CPU
		{12940A66-A18B-01B1-9661-15B0CB697409}.Release|Any CPU.Build.0 = Release|Any CPU
		{D038785D-4DAC-B025-9B9C-4E890567854B}.Debug|Any CPU.ActiveCfg = Debug|Any CPU
		{D038785D-4DAC-B025-9B9C-4E890567854B}.Debug|Any CPU.Build.0 = Debug|Any CPU
		{D038785D-4DAC-B025-9B9C-4E890567854B}.Release|Any CPU.ActiveCfg = Release|Any CPU
		{D038785D-4DAC-B025-9B9C-4E890567854B}.Release|Any CPU.Build.0 = Release|Any CPU
		{E1D8F705-DE92-1024-1422-7C8A9F251E7C}.Debug|Any CPU.ActiveCfg = Debug|Any CPU
		{E1D8F705-DE92-1024-1422-7C8A9F251E7C}.Debug|Any CPU.Build.0 = Debug|Any CPU
		{E1D8F705-DE92-1024-1422-7C8A9F251E7C}.Release|Any CPU.ActiveCfg = Release|Any CPU
		{E1D8F705-DE92-1024-1422-7C8A9F251E7C}.Release|Any CPU.Build.0 = Release|Any CPU
		{ED468B95-1B10-9EA6-05E5-579B50A36CE9}.Debug|Any CPU.ActiveCfg = Debug|Any CPU
		{ED468B95-1B10-9EA6-05E5-579B50A36CE9}.Debug|Any CPU.Build.0 = Debug|Any CPU
		{ED468B95-1B10-9EA6-05E5-579B50A36CE9}.Release|Any CPU.ActiveCfg = Release|Any CPU
		{ED468B95-1B10-9EA6-05E5-579B50A36CE9}.Release|Any CPU.Build.0 = Release|Any CPU
		{5EC1B795-29FB-6CAB-6FD2-1004D7AF81E8}.Debug|Any CPU.ActiveCfg = Debug|Any CPU
		{5EC1B795-29FB-6CAB-6FD2-1004D7AF81E8}.Debug|Any CPU.Build.0 = Debug|Any CPU
		{5EC1B795-29FB-6CAB-6FD2-1004D7AF81E8}.Release|Any CPU.ActiveCfg = Release|Any CPU
		{5EC1B795-29FB-6CAB-6FD2-1004D7AF81E8}.Release|Any CPU.Build.0 = Release|Any CPU
		{75757B10-0E80-E2CE-00A7-5B9027E3272A}.Debug|Any CPU.ActiveCfg = Debug|Any CPU
		{75757B10-0E80-E2CE-00A7-5B9027E3272A}.Debug|Any CPU.Build.0 = Debug|Any CPU
		{75757B10-0E80-E2CE-00A7-5B9027E3272A}.Release|Any CPU.ActiveCfg = Release|Any CPU
		{75757B10-0E80-E2CE-00A7-5B9027E3272A}.Release|Any CPU.Build.0 = Release|Any CPU
		{F18FEAC9-0725-2A6E-EE56-364F80F420EC}.Debug|Any CPU.ActiveCfg = Debug|Any CPU
		{F18FEAC9-0725-2A6E-EE56-364F80F420EC}.Debug|Any CPU.Build.0 = Debug|Any CPU
		{F18FEAC9-0725-2A6E-EE56-364F80F420EC}.Release|Any CPU.ActiveCfg = Release|Any CPU
		{F18FEAC9-0725-2A6E-EE56-364F80F420EC}.Release|Any CPU.Build.0 = Release|Any CPU
		{B7CE70D8-23BA-1CBE-5B3F-0B0BAFFCF53A}.Debug|Any CPU.ActiveCfg = Debug|Any CPU
		{B7CE70D8-23BA-1CBE-5B3F-0B0BAFFCF53A}.Debug|Any CPU.Build.0 = Debug|Any CPU
		{B7CE70D8-23BA-1CBE-5B3F-0B0BAFFCF53A}.Release|Any CPU.ActiveCfg = Release|Any CPU
		{B7CE70D8-23BA-1CBE-5B3F-0B0BAFFCF53A}.Release|Any CPU.Build.0 = Release|Any CPU
		{13B3C84F-21DC-4AC2-ADB8-2A4C124F1D38}.Debug|Any CPU.ActiveCfg = Debug|Any CPU
		{13B3C84F-21DC-4AC2-ADB8-2A4C124F1D38}.Debug|Any CPU.Build.0 = Debug|Any CPU
		{13B3C84F-21DC-4AC2-ADB8-2A4C124F1D38}.Release|Any CPU.ActiveCfg = Release|Any CPU
		{13B3C84F-21DC-4AC2-ADB8-2A4C124F1D38}.Release|Any CPU.Build.0 = Release|Any CPU
		{E1E8E681-1E05-1305-6BA2-66FFA7DFC564}.Debug|Any CPU.ActiveCfg = Debug|Any CPU
		{E1E8E681-1E05-1305-6BA2-66FFA7DFC564}.Debug|Any CPU.Build.0 = Debug|Any CPU
		{E1E8E681-1E05-1305-6BA2-66FFA7DFC564}.Release|Any CPU.ActiveCfg = Release|Any CPU
		{E1E8E681-1E05-1305-6BA2-66FFA7DFC564}.Release|Any CPU.Build.0 = Release|Any CPU
		{2BFADA7B-959F-A444-E1E4-02AF171CC7DA}.Debug|Any CPU.ActiveCfg = Debug|Any CPU
		{2BFADA7B-959F-A444-E1E4-02AF171CC7DA}.Debug|Any CPU.Build.0 = Debug|Any CPU
		{2BFADA7B-959F-A444-E1E4-02AF171CC7DA}.Release|Any CPU.ActiveCfg = Release|Any CPU
		{2BFADA7B-959F-A444-E1E4-02AF171CC7DA}.Release|Any CPU.Build.0 = Release|Any CPU
		{305CA048-C0FA-F485-A158-E8C0912849E0}.Debug|Any CPU.ActiveCfg = Debug|Any CPU
		{305CA048-C0FA-F485-A158-E8C0912849E0}.Debug|Any CPU.Build.0 = Debug|Any CPU
		{305CA048-C0FA-F485-A158-E8C0912849E0}.Release|Any CPU.ActiveCfg = Release|Any CPU
		{305CA048-C0FA-F485-A158-E8C0912849E0}.Release|Any CPU.Build.0 = Release|Any CPU
		{0DD14C89-489E-A0ED-1C80-19993B86565E}.Debug|Any CPU.ActiveCfg = Debug|Any CPU
		{0DD14C89-489E-A0ED-1C80-19993B86565E}.Debug|Any CPU.Build.0 = Debug|Any CPU
		{0DD14C89-489E-A0ED-1C80-19993B86565E}.Release|Any CPU.ActiveCfg = Release|Any CPU
		{0DD14C89-489E-A0ED-1C80-19993B86565E}.Release|Any CPU.Build.0 = Release|Any CPU
		{5B4CF957-C371-51A3-81CC-9BCBFE7324B2}.Debug|Any CPU.ActiveCfg = Debug|Any CPU
		{5B4CF957-C371-51A3-81CC-9BCBFE7324B2}.Debug|Any CPU.Build.0 = Debug|Any CPU
		{5B4CF957-C371-51A3-81CC-9BCBFE7324B2}.Release|Any CPU.ActiveCfg = Release|Any CPU
		{5B4CF957-C371-51A3-81CC-9BCBFE7324B2}.Release|Any CPU.Build.0 = Release|Any CPU
		{B01B18F5-103B-3073-A2BB-45F1F0D8BD75}.Debug|Any CPU.ActiveCfg = Debug|Any CPU
		{B01B18F5-103B-3073-A2BB-45F1F0D8BD75}.Debug|Any CPU.Build.0 = Debug|Any CPU
		{B01B18F5-103B-3073-A2BB-45F1F0D8BD75}.Release|Any CPU.ActiveCfg = Release|Any CPU
		{B01B18F5-103B-3073-A2BB-45F1F0D8BD75}.Release|Any CPU.Build.0 = Release|Any CPU
		{F14AE7FA-C6A2-3024-B56C-8B49BF0CFAED}.Debug|Any CPU.ActiveCfg = Debug|Any CPU
		{F14AE7FA-C6A2-3024-B56C-8B49BF0CFAED}.Debug|Any CPU.Build.0 = Debug|Any CPU
		{F14AE7FA-C6A2-3024-B56C-8B49BF0CFAED}.Release|Any CPU.ActiveCfg = Release|Any CPU
		{F14AE7FA-C6A2-3024-B56C-8B49BF0CFAED}.Release|Any CPU.Build.0 = Release|Any CPU
	EndGlobalSection
	GlobalSection(SolutionProperties) = preSolution
		HideSolutionNode = FALSE
	EndGlobalSection
EndGlobal
